
Microsoft Visual Studio Solution File, Format Version 12.00
# Visual Studio Version 16
VisualStudioVersion = 16.0.32126.315
MinimumVisualStudioVersion = 10.0.40219.1
Project("{FAE04EC0-301F-11D3-BF4B-00C04F79EFBC}") = "Exercise Data Grid View", "Exercise Data Grid View\Exercise Data Grid View.csproj", "{12AA0035-CDDF-4B52-97D9-F7DBC4B3B309}"
EndProject
Global
	GlobalSection(SolutionConfigurationPlatforms) = preSolution
		Debug|Any CPU = Debug|Any CPU
		Release|Any CPU = Release|Any CPU
	EndGlobalSection
	GlobalSection(ProjectConfigurationPlatforms) = postSolution
		{12AA0035-CDDF-4B52-97D9-F7DBC4B3B309}.Debug|Any CPU.ActiveCfg = Debug|Any CPU
		{12AA0035-CDDF-4B52-97D9-F7DBC4B3B309}.Debug|Any CPU.Build.0 = Debug|Any CPU
		{12AA0035-CDDF-4B52-97D9-F7DBC4B3B309}.Release|Any CPU.ActiveCfg = Release|Any CPU
		{12AA0035-CDDF-4B52-97D9-F7DBC4B3B309}.Release|Any CPU.Build.0 = Release|Any CPU
	EndGlobalSection
	GlobalSection(SolutionProperties) = preSolution
		HideSolutionNode = FALSE
	EndGlobalSection
	GlobalSection(ExtensibilityGlobals) = postSolution
		SolutionGuid = {EB868AFF-127B-48C8-8005-D26AB01CB25F}
	EndGlobalSection
EndGlobal
